// !$*UTF8*$!
{
	archiveVersion = 1;
	classes = {
	};
	objectVersion = 46;
	objects = {

/* Begin PBXBuildFile section */
		199EA5EDAB8ABE148A0F5723 /* Pods_NBCHackathon.framework in Frameworks */ = {isa = PBXBuildFile; fileRef = 9FE612192E4F0ACD1DDDC73B /* Pods_NBCHackathon.framework */; settings = {ATTRIBUTES = (Weak, ); }; };
		C221E8141C8BF52000873C1D /* DetailViewController.swift in Sources */ = {isa = PBXBuildFile; fileRef = C221E8131C8BF52000873C1D /* DetailViewController.swift */; };
		C2637EF41C8C13D300A73EF3 /* BEBAS___.ttf in Resources */ = {isa = PBXBuildFile; fileRef = C2637EF21C8C13D300A73EF3 /* BEBAS___.ttf */; };
		C2637EF51C8C13D300A73EF3 /* Flat-it License.txt in Resources */ = {isa = PBXBuildFile; fileRef = C2637EF31C8C13D300A73EF3 /* Flat-it License.txt */; };
		C266FE361C8CA594008023C3 /* splash.png in Resources */ = {isa = PBXBuildFile; fileRef = C266FE351C8CA594008023C3 /* splash.png */; };
		C266FE3A1C8CAB0D008023C3 /* TonightShowWithJimmyFallon.png in Resources */ = {isa = PBXBuildFile; fileRef = C266FE371C8CAB0D008023C3 /* TonightShowWithJimmyFallon.png */; };
		C266FE3C1C8CAB0D008023C3 /* MrRobot.png in Resources */ = {isa = PBXBuildFile; fileRef = C266FE391C8CAB0D008023C3 /* MrRobot.png */; };
		C266FE3E1C8CADE3008023C3 /* ChigagoFire.png in Resources */ = {isa = PBXBuildFile; fileRef = C266FE3D1C8CADE3008023C3 /* ChigagoFire.png */; };
		C266FE401C8CB216008023C3 /* twitter.png in Resources */ = {isa = PBXBuildFile; fileRef = C266FE3F1C8CB216008023C3 /* twitter.png */; };
		C29BECED1C8B5E060066ED1F /* AppDelegate.swift in Sources */ = {isa = PBXBuildFile; fileRef = C29BECEC1C8B5E060066ED1F /* AppDelegate.swift */; };
		C29BECEF1C8B5E060066ED1F /* MyViewController.swift in Sources */ = {isa = PBXBuildFile; fileRef = C29BECEE1C8B5E060066ED1F /* MyViewController.swift */; };
		C29BECF21C8B5E060066ED1F /* Main.storyboard in Resources */ = {isa = PBXBuildFile; fileRef = C29BECF01C8B5E060066ED1F /* Main.storyboard */; };
		C29BECF41C8B5E060066ED1F /* Assets.xcassets in Resources */ = {isa = PBXBuildFile; fileRef = C29BECF31C8B5E060066ED1F /* Assets.xcassets */; };
		C29BECF71C8B5E060066ED1F /* LaunchScreen.storyboard in Resources */ = {isa = PBXBuildFile; fileRef = C29BECF51C8B5E060066ED1F /* LaunchScreen.storyboard */; };
		C29BED021C8B5E060066ED1F /* NBCHackathonTests.swift in Sources */ = {isa = PBXBuildFile; fileRef = C29BED011C8B5E060066ED1F /* NBCHackathonTests.swift */; };
		C29BED0D1C8B5E060066ED1F /* NBCHackathonUITests.swift in Sources */ = {isa = PBXBuildFile; fileRef = C29BED0C1C8B5E060066ED1F /* NBCHackathonUITests.swift */; };
		C2A33AE91C8C20A70092E570 /* GalleryCell.swift in Sources */ = {isa = PBXBuildFile; fileRef = C2A33AE81C8C20A70092E570 /* GalleryCell.swift */; };
		C2A33AEF1C8C43290092E570 /* afp.df in Resources */ = {isa = PBXBuildFile; fileRef = C2A33AEC1C8C43290092E570 /* afp.df */; };
		C2A33AF01C8C43290092E570 /* afp.iv in Resources */ = {isa = PBXBuildFile; fileRef = C2A33AED1C8C43290092E570 /* afp.iv */; };
		C2A33AF51C8C43340092E570 /* ViewController.m in Sources */ = {isa = PBXBuildFile; fileRef = C2A33AF41C8C43340092E570 /* ViewController.m */; };
		C2A33AFB1C8C43DD0092E570 /* libACRCloud_IOS_SDK.a in Frameworks */ = {isa = PBXBuildFile; fileRef = C2A33AFA1C8C43DD0092E570 /* libACRCloud_IOS_SDK.a */; };
		C2A33AFD1C8C43F20092E570 /* Security.framework in Frameworks */ = {isa = PBXBuildFile; fileRef = C2A33AFC1C8C43F20092E570 /* Security.framework */; };
		C2A33AFF1C8C44000092E570 /* AVFoundation.framework in Frameworks */ = {isa = PBXBuildFile; fileRef = C2A33AFE1C8C44000092E570 /* AVFoundation.framework */; };
		C2A33B011C8C440A0092E570 /* AudioToolbox.framework in Frameworks */ = {isa = PBXBuildFile; fileRef = C2A33B001C8C440A0092E570 /* AudioToolbox.framework */; };
		C2A33B031C8C44680092E570 /* libc++.tbd in Frameworks */ = {isa = PBXBuildFile; fileRef = C2A33B021C8C44680092E570 /* libc++.tbd */; };
		C2A33B051C8C47DD0092E570 /* ListenViewController.swift in Sources */ = {isa = PBXBuildFile; fileRef = C2A33B041C8C47DD0092E570 /* ListenViewController.swift */; };
		C2A33B151C8C9F3A0092E570 /* STAnimationProtocol.swift in Sources */ = {isa = PBXBuildFile; fileRef = C2A33B121C8C9F3A0092E570 /* STAnimationProtocol.swift */; };
		C2A33B161C8C9F3A0092E570 /* STConfiguration.swift in Sources */ = {isa = PBXBuildFile; fileRef = C2A33B131C8C9F3A0092E570 /* STConfiguration.swift */; };
		C2A33B171C8C9F3A0092E570 /* STSpotLoadView.swift in Sources */ = {isa = PBXBuildFile; fileRef = C2A33B141C8C9F3A0092E570 /* STSpotLoadView.swift */; };
		C2A33B191C8CA2970092E570 /* LoadingViewController.swift in Sources */ = {isa = PBXBuildFile; fileRef = C2A33B181C8CA2970092E570 /* LoadingViewController.swift */; };
		C2F264301C8BAA26008E461B /* TVShowTableViewCell.swift in Sources */ = {isa = PBXBuildFile; fileRef = C2F2642F1C8BAA26008E461B /* TVShowTableViewCell.swift */; };
/* End PBXBuildFile section */

/* Begin PBXContainerItemProxy section */
		C29BECFE1C8B5E060066ED1F /* PBXContainerItemProxy */ = {
			isa = PBXContainerItemProxy;
			containerPortal = C29BECE11C8B5E060066ED1F /* Project object */;
			proxyType = 1;
			remoteGlobalIDString = C29BECE81C8B5E060066ED1F;
			remoteInfo = NBCHackathon;
		};
		C29BED091C8B5E060066ED1F /* PBXContainerItemProxy */ = {
			isa = PBXContainerItemProxy;
			containerPortal = C29BECE11C8B5E060066ED1F /* Project object */;
			proxyType = 1;
			remoteGlobalIDString = C29BECE81C8B5E060066ED1F;
			remoteInfo = NBCHackathon;
		};
/* End PBXContainerItemProxy section */

/* Begin PBXFileReference section */
		45A25C157981F3AFF1574FA2 /* Pods-NBCHackathon.release.xcconfig */ = {isa = PBXFileReference; includeInIndex = 1; lastKnownFileType = text.xcconfig; name = "Pods-NBCHackathon.release.xcconfig"; path = "Pods/Target Support Files/Pods-NBCHackathon/Pods-NBCHackathon.release.xcconfig"; sourceTree = "<group>"; };
		9FE612192E4F0ACD1DDDC73B /* Pods_NBCHackathon.framework */ = {isa = PBXFileReference; explicitFileType = wrapper.framework; includeInIndex = 0; path = Pods_NBCHackathon.framework; sourceTree = BUILT_PRODUCTS_DIR; };
		A813E972E3C41FAAC72C55D4 /* Pods-NBCHackathon.debug.xcconfig */ = {isa = PBXFileReference; includeInIndex = 1; lastKnownFileType = text.xcconfig; name = "Pods-NBCHackathon.debug.xcconfig"; path = "Pods/Target Support Files/Pods-NBCHackathon/Pods-NBCHackathon.debug.xcconfig"; sourceTree = "<group>"; };
		C221E8131C8BF52000873C1D /* DetailViewController.swift */ = {isa = PBXFileReference; fileEncoding = 4; lastKnownFileType = sourcecode.swift; name = DetailViewController.swift; path = ../DetailViewController.swift; sourceTree = "<group>"; };
		C2637EF21C8C13D300A73EF3 /* BEBAS___.ttf */ = {isa = PBXFileReference; lastKnownFileType = file; path = "BEBAS___.ttf"; sourceTree = "<group>"; };
		C2637EF31C8C13D300A73EF3 /* Flat-it License.txt */ = {isa = PBXFileReference; fileEncoding = 4; lastKnownFileType = text; path = "Flat-it License.txt"; sourceTree = "<group>"; };
		C266FE351C8CA594008023C3 /* splash.png */ = {isa = PBXFileReference; lastKnownFileType = image.png; path = splash.png; sourceTree = "<group>"; };
		C266FE371C8CAB0D008023C3 /* TonightShowWithJimmyFallon.png */ = {isa = PBXFileReference; lastKnownFileType = image.png; path = TonightShowWithJimmyFallon.png; sourceTree = "<group>"; };
		C266FE391C8CAB0D008023C3 /* MrRobot.png */ = {isa = PBXFileReference; lastKnownFileType = image.png; path = MrRobot.png; sourceTree = "<group>"; };
		C266FE3D1C8CADE3008023C3 /* ChigagoFire.png */ = {isa = PBXFileReference; lastKnownFileType = image.png; path = ChigagoFire.png; sourceTree = "<group>"; };
		C266FE3F1C8CB216008023C3 /* twitter.png */ = {isa = PBXFileReference; lastKnownFileType = image.png; path = twitter.png; sourceTree = "<group>"; };
		C29BECE91C8B5E060066ED1F /* NBCHackathon.app */ = {isa = PBXFileReference; explicitFileType = wrapper.application; includeInIndex = 0; path = NBCHackathon.app; sourceTree = BUILT_PRODUCTS_DIR; };
		C29BECEC1C8B5E060066ED1F /* AppDelegate.swift */ = {isa = PBXFileReference; lastKnownFileType = sourcecode.swift; path = AppDelegate.swift; sourceTree = "<group>"; };
		C29BECEE1C8B5E060066ED1F /* MyViewController.swift */ = {isa = PBXFileReference; lastKnownFileType = sourcecode.swift; path = MyViewController.swift; sourceTree = "<group>"; };
		C29BECF11C8B5E060066ED1F /* Base */ = {isa = PBXFileReference; lastKnownFileType = file.storyboard; name = Base; path = Base.lproj/Main.storyboard; sourceTree = "<group>"; };
		C29BECF31C8B5E060066ED1F /* Assets.xcassets */ = {isa = PBXFileReference; lastKnownFileType = folder.assetcatalog; path = Assets.xcassets; sourceTree = "<group>"; };
		C29BECF61C8B5E060066ED1F /* Base */ = {isa = PBXFileReference; lastKnownFileType = file.storyboard; name = Base; path = Base.lproj/LaunchScreen.storyboard; sourceTree = "<group>"; };
		C29BECF81C8B5E060066ED1F /* Info.plist */ = {isa = PBXFileReference; lastKnownFileType = text.plist.xml; path = Info.plist; sourceTree = "<group>"; };
		C29BECFD1C8B5E060066ED1F /* NBCHackathonTests.xctest */ = {isa = PBXFileReference; explicitFileType = wrapper.cfbundle; includeInIndex = 0; path = NBCHackathonTests.xctest; sourceTree = BUILT_PRODUCTS_DIR; };
		C29BED011C8B5E060066ED1F /* NBCHackathonTests.swift */ = {isa = PBXFileReference; lastKnownFileType = sourcecode.swift; path = NBCHackathonTests.swift; sourceTree = "<group>"; };
		C29BED031C8B5E060066ED1F /* Info.plist */ = {isa = PBXFileReference; lastKnownFileType = text.plist.xml; path = Info.plist; sourceTree = "<group>"; };
		C29BED081C8B5E060066ED1F /* NBCHackathonUITests.xctest */ = {isa = PBXFileReference; explicitFileType = wrapper.cfbundle; includeInIndex = 0; path = NBCHackathonUITests.xctest; sourceTree = BUILT_PRODUCTS_DIR; };
		C29BED0C1C8B5E060066ED1F /* NBCHackathonUITests.swift */ = {isa = PBXFileReference; lastKnownFileType = sourcecode.swift; path = NBCHackathonUITests.swift; sourceTree = "<group>"; };
		C29BED0E1C8B5E060066ED1F /* Info.plist */ = {isa = PBXFileReference; lastKnownFileType = text.plist.xml; path = Info.plist; sourceTree = "<group>"; };
		C29BED1E1C8B87690066ED1F /* bridging-header.h */ = {isa = PBXFileReference; lastKnownFileType = sourcecode.c.h; path = "bridging-header.h"; sourceTree = "<group>"; };
		C2A33AE81C8C20A70092E570 /* GalleryCell.swift */ = {isa = PBXFileReference; fileEncoding = 4; lastKnownFileType = sourcecode.swift; path = GalleryCell.swift; sourceTree = "<group>"; };
		C2A33AEC1C8C43290092E570 /* afp.df */ = {isa = PBXFileReference; fileEncoding = 4; lastKnownFileType = text; path = afp.df; sourceTree = "<group>"; };
		C2A33AED1C8C43290092E570 /* afp.iv */ = {isa = PBXFileReference; lastKnownFileType = file; path = afp.iv; sourceTree = "<group>"; };
		C2A33AF31C8C43340092E570 /* ViewController.h */ = {isa = PBXFileReference; fileEncoding = 4; lastKnownFileType = sourcecode.c.h; path = ViewController.h; sourceTree = "<group>"; };
		C2A33AF41C8C43340092E570 /* ViewController.m */ = {isa = PBXFileReference; fileEncoding = 4; lastKnownFileType = sourcecode.c.objc; path = ViewController.m; sourceTree = "<group>"; };
		C2A33AF81C8C43DD0092E570 /* ACRCloudConfig.h */ = {isa = PBXFileReference; fileEncoding = 4; lastKnownFileType = sourcecode.c.h; path = ACRCloudConfig.h; sourceTree = "<group>"; };
		C2A33AF91C8C43DD0092E570 /* ACRCloudRecognition.h */ = {isa = PBXFileReference; fileEncoding = 4; lastKnownFileType = sourcecode.c.h; path = ACRCloudRecognition.h; sourceTree = "<group>"; };
		C2A33AFA1C8C43DD0092E570 /* libACRCloud_IOS_SDK.a */ = {isa = PBXFileReference; lastKnownFileType = archive.ar; path = libACRCloud_IOS_SDK.a; sourceTree = "<group>"; };
		C2A33AFC1C8C43F20092E570 /* Security.framework */ = {isa = PBXFileReference; lastKnownFileType = wrapper.framework; name = Security.framework; path = System/Library/Frameworks/Security.framework; sourceTree = SDKROOT; };
		C2A33AFE1C8C44000092E570 /* AVFoundation.framework */ = {isa = PBXFileReference; lastKnownFileType = wrapper.framework; name = AVFoundation.framework; path = System/Library/Frameworks/AVFoundation.framework; sourceTree = SDKROOT; };
		C2A33B001C8C440A0092E570 /* AudioToolbox.framework */ = {isa = PBXFileReference; lastKnownFileType = wrapper.framework; name = AudioToolbox.framework; path = System/Library/Frameworks/AudioToolbox.framework; sourceTree = SDKROOT; };
		C2A33B021C8C44680092E570 /* libc++.tbd */ = {isa = PBXFileReference; lastKnownFileType = "sourcecode.text-based-dylib-definition"; name = "libc++.tbd"; path = "usr/lib/libc++.tbd"; sourceTree = SDKROOT; };
		C2A33B041C8C47DD0092E570 /* ListenViewController.swift */ = {isa = PBXFileReference; fileEncoding = 4; lastKnownFileType = sourcecode.swift; path = ListenViewController.swift; sourceTree = "<group>"; };
		C2A33B121C8C9F3A0092E570 /* STAnimationProtocol.swift */ = {isa = PBXFileReference; fileEncoding = 4; lastKnownFileType = sourcecode.swift; path = STAnimationProtocol.swift; sourceTree = "<group>"; };
		C2A33B131C8C9F3A0092E570 /* STConfiguration.swift */ = {isa = PBXFileReference; fileEncoding = 4; lastKnownFileType = sourcecode.swift; path = STConfiguration.swift; sourceTree = "<group>"; };
		C2A33B141C8C9F3A0092E570 /* STSpotLoadView.swift */ = {isa = PBXFileReference; fileEncoding = 4; lastKnownFileType = sourcecode.swift; path = STSpotLoadView.swift; sourceTree = "<group>"; };
		C2A33B181C8CA2970092E570 /* LoadingViewController.swift */ = {isa = PBXFileReference; fileEncoding = 4; lastKnownFileType = sourcecode.swift; path = LoadingViewController.swift; sourceTree = "<group>"; };
		C2F2642F1C8BAA26008E461B /* TVShowTableViewCell.swift */ = {isa = PBXFileReference; fileEncoding = 4; lastKnownFileType = sourcecode.swift; path = TVShowTableViewCell.swift; sourceTree = "<group>"; };
/* End PBXFileReference section */

/* Begin PBXFrameworksBuildPhase section */
		C29BECE61C8B5E060066ED1F /* Frameworks */ = {
			isa = PBXFrameworksBuildPhase;
			buildActionMask = 2147483647;
			files = (
				C2A33B031C8C44680092E570 /* libc++.tbd in Frameworks */,
				C2A33B011C8C440A0092E570 /* AudioToolbox.framework in Frameworks */,
				C2A33AFF1C8C44000092E570 /* AVFoundation.framework in Frameworks */,
				C2A33AFD1C8C43F20092E570 /* Security.framework in Frameworks */,
				199EA5EDAB8ABE148A0F5723 /* Pods_NBCHackathon.framework in Frameworks */,
				C2A33AFB1C8C43DD0092E570 /* libACRCloud_IOS_SDK.a in Frameworks */,
			);
			runOnlyForDeploymentPostprocessing = 0;
		};
		C29BECFA1C8B5E060066ED1F /* Frameworks */ = {
			isa = PBXFrameworksBuildPhase;
			buildActionMask = 2147483647;
			files = (
			);
			runOnlyForDeploymentPostprocessing = 0;
		};
		C29BED051C8B5E060066ED1F /* Frameworks */ = {
			isa = PBXFrameworksBuildPhase;
			buildActionMask = 2147483647;
			files = (
			);
			runOnlyForDeploymentPostprocessing = 0;
		};
/* End PBXFrameworksBuildPhase section */

/* Begin PBXGroup section */
		615CB76EC0019926F0382446 /* Frameworks */ = {
			isa = PBXGroup;
			children = (
				C2A33B021C8C44680092E570 /* libc++.tbd */,
				C2A33B001C8C440A0092E570 /* AudioToolbox.framework */,
				C2A33AFE1C8C44000092E570 /* AVFoundation.framework */,
				C2A33AFC1C8C43F20092E570 /* Security.framework */,
				9FE612192E4F0ACD1DDDC73B /* Pods_NBCHackathon.framework */,
			);
			name = Frameworks;
			sourceTree = "<group>";
		};
		AAC01AA5AFA16FC854F14DAA /* Pods */ = {
			isa = PBXGroup;
			children = (
				A813E972E3C41FAAC72C55D4 /* Pods-NBCHackathon.debug.xcconfig */,
				45A25C157981F3AFF1574FA2 /* Pods-NBCHackathon.release.xcconfig */,
			);
			name = Pods;
			sourceTree = "<group>";
		};
		C2637EF11C8C13D300A73EF3 /* Bebas */ = {
			isa = PBXGroup;
			children = (
				C2637EF21C8C13D300A73EF3 /* BEBAS___.ttf */,
				C2637EF31C8C13D300A73EF3 /* Flat-it License.txt */,
			);
			path = Bebas;
			sourceTree = "<group>";
		};
		C29BECE01C8B5E060066ED1F = {
			isa = PBXGroup;
			children = (
				C2A33B111C8C9F3A0092E570 /* STSpotLoadView */,
				C2A33AF61C8C43DD0092E570 /* ACRCloudLibraies */,
				C2637EF11C8C13D300A73EF3 /* Bebas */,
				C29BED1E1C8B87690066ED1F /* bridging-header.h */,
				C266FE351C8CA594008023C3 /* splash.png */,
				C266FE371C8CAB0D008023C3 /* TonightShowWithJimmyFallon.png */,
				C266FE3D1C8CADE3008023C3 /* ChigagoFire.png */,
				C266FE391C8CAB0D008023C3 /* MrRobot.png */,
				C266FE3F1C8CB216008023C3 /* twitter.png */,
				C29BECEB1C8B5E060066ED1F /* NBCHackathon */,
				C29BED001C8B5E060066ED1F /* NBCHackathonTests */,
				C29BED0B1C8B5E060066ED1F /* NBCHackathonUITests */,
				C29BECEA1C8B5E060066ED1F /* Products */,
				AAC01AA5AFA16FC854F14DAA /* Pods */,
				615CB76EC0019926F0382446 /* Frameworks */,
			);
			sourceTree = "<group>";
		};
		C29BECEA1C8B5E060066ED1F /* Products */ = {
			isa = PBXGroup;
			children = (
				C29BECE91C8B5E060066ED1F /* NBCHackathon.app */,
				C29BECFD1C8B5E060066ED1F /* NBCHackathonTests.xctest */,
				C29BED081C8B5E060066ED1F /* NBCHackathonUITests.xctest */,
			);
			name = Products;
			sourceTree = "<group>";
		};
		C29BECEB1C8B5E060066ED1F /* NBCHackathon */ = {
			isa = PBXGroup;
			children = (
				C2A33AEB1C8C43290092E570 /* acrcloud_local_db */,
				C29BECEC1C8B5E060066ED1F /* AppDelegate.swift */,
				C29BECF01C8B5E060066ED1F /* Main.storyboard */,
				C2A33B181C8CA2970092E570 /* LoadingViewController.swift */,
				C2F2642F1C8BAA26008E461B /* TVShowTableViewCell.swift */,
				C2A33B041C8C47DD0092E570 /* ListenViewController.swift */,
				C29BECEE1C8B5E060066ED1F /* MyViewController.swift */,
				C2A33AE81C8C20A70092E570 /* GalleryCell.swift */,
				C221E8131C8BF52000873C1D /* DetailViewController.swift */,
				C2A33AF31C8C43340092E570 /* ViewController.h */,
				C2A33AF41C8C43340092E570 /* ViewController.m */,
				C29BECF31C8B5E060066ED1F /* Assets.xcassets */,
				C29BECF51C8B5E060066ED1F /* LaunchScreen.storyboard */,
				C29BECF81C8B5E060066ED1F /* Info.plist */,
			);
			path = NBCHackathon;
			sourceTree = "<group>";
		};
		C29BED001C8B5E060066ED1F /* NBCHackathonTests */ = {
			isa = PBXGroup;
			children = (
				C29BED011C8B5E060066ED1F /* NBCHackathonTests.swift */,
				C29BED031C8B5E060066ED1F /* Info.plist */,
			);
			path = NBCHackathonTests;
			sourceTree = "<group>";
		};
		C29BED0B1C8B5E060066ED1F /* NBCHackathonUITests */ = {
			isa = PBXGroup;
			children = (
				C29BED0C1C8B5E060066ED1F /* NBCHackathonUITests.swift */,
				C29BED0E1C8B5E060066ED1F /* Info.plist */,
			);
			path = NBCHackathonUITests;
			sourceTree = "<group>";
		};
		C2A33AEB1C8C43290092E570 /* acrcloud_local_db */ = {
			isa = PBXGroup;
			children = (
				C2A33AEC1C8C43290092E570 /* afp.df */,
				C2A33AED1C8C43290092E570 /* afp.iv */,
			);
			path = acrcloud_local_db;
			sourceTree = "<group>";
		};
		C2A33AF61C8C43DD0092E570 /* ACRCloudLibraies */ = {
			isa = PBXGroup;
			children = (
				C2A33AF71C8C43DD0092E570 /* include */,
				C2A33AFA1C8C43DD0092E570 /* libACRCloud_IOS_SDK.a */,
			);
			path = ACRCloudLibraies;
			sourceTree = "<group>";
		};
		C2A33AF71C8C43DD0092E570 /* include */ = {
			isa = PBXGroup;
			children = (
				C2A33AF81C8C43DD0092E570 /* ACRCloudConfig.h */,
				C2A33AF91C8C43DD0092E570 /* ACRCloudRecognition.h */,
			);
			path = include;
			sourceTree = "<group>";
		};
		C2A33B111C8C9F3A0092E570 /* STSpotLoadView */ = {
			isa = PBXGroup;
			children = (
				C2A33B121C8C9F3A0092E570 /* STAnimationProtocol.swift */,
				C2A33B131C8C9F3A0092E570 /* STConfiguration.swift */,
				C2A33B141C8C9F3A0092E570 /* STSpotLoadView.swift */,
			);
			path = STSpotLoadView;
			sourceTree = "<group>";
		};
/* End PBXGroup section */

/* Begin PBXNativeTarget section */
		C29BECE81C8B5E060066ED1F /* NBCHackathon */ = {
			isa = PBXNativeTarget;
			buildConfigurationList = C29BED111C8B5E060066ED1F /* Build configuration list for PBXNativeTarget "NBCHackathon" */;
			buildPhases = (
				8E67192931B12FFC8FF3FE55 /* Check Pods Manifest.lock */,
				C29BECE51C8B5E060066ED1F /* Sources */,
				C29BECE61C8B5E060066ED1F /* Frameworks */,
				C29BECE71C8B5E060066ED1F /* Resources */,
				46DAFBD4D8C2FAC5BAFE6C2C /* Copy Pods Resources */,
				3B3E486A029E3AFEBE734B1A /* Embed Pods Frameworks */,
			);
			buildRules = (
			);
			dependencies = (
			);
			name = NBCHackathon;
			productName = NBCHackathon;
			productReference = C29BECE91C8B5E060066ED1F /* NBCHackathon.app */;
			productType = "com.apple.product-type.application";
		};
		C29BECFC1C8B5E060066ED1F /* NBCHackathonTests */ = {
			isa = PBXNativeTarget;
			buildConfigurationList = C29BED141C8B5E060066ED1F /* Build configuration list for PBXNativeTarget "NBCHackathonTests" */;
			buildPhases = (
				C29BECF91C8B5E060066ED1F /* Sources */,
				C29BECFA1C8B5E060066ED1F /* Frameworks */,
				C29BECFB1C8B5E060066ED1F /* Resources */,
			);
			buildRules = (
			);
			dependencies = (
				C29BECFF1C8B5E060066ED1F /* PBXTargetDependency */,
			);
			name = NBCHackathonTests;
			productName = NBCHackathonTests;
			productReference = C29BECFD1C8B5E060066ED1F /* NBCHackathonTests.xctest */;
			productType = "com.apple.product-type.bundle.unit-test";
		};
		C29BED071C8B5E060066ED1F /* NBCHackathonUITests */ = {
			isa = PBXNativeTarget;
			buildConfigurationList = C29BED171C8B5E060066ED1F /* Build configuration list for PBXNativeTarget "NBCHackathonUITests" */;
			buildPhases = (
				C29BED041C8B5E060066ED1F /* Sources */,
				C29BED051C8B5E060066ED1F /* Frameworks */,
				C29BED061C8B5E060066ED1F /* Resources */,
			);
			buildRules = (
			);
			dependencies = (
				C29BED0A1C8B5E060066ED1F /* PBXTargetDependency */,
			);
			name = NBCHackathonUITests;
			productName = NBCHackathonUITests;
			productReference = C29BED081C8B5E060066ED1F /* NBCHackathonUITests.xctest */;
			productType = "com.apple.product-type.bundle.ui-testing";
		};
/* End PBXNativeTarget section */

/* Begin PBXProject section */
		C29BECE11C8B5E060066ED1F /* Project object */ = {
			isa = PBXProject;
			attributes = {
				LastSwiftUpdateCheck = 0720;
				LastUpgradeCheck = 0720;
				ORGANIZATIONNAME = "Lucas Farah";
				TargetAttributes = {
					C29BECE81C8B5E060066ED1F = {
						CreatedOnToolsVersion = 7.2.1;
					};
					C29BECFC1C8B5E060066ED1F = {
						CreatedOnToolsVersion = 7.2.1;
						TestTargetID = C29BECE81C8B5E060066ED1F;
					};
					C29BED071C8B5E060066ED1F = {
						CreatedOnToolsVersion = 7.2.1;
						TestTargetID = C29BECE81C8B5E060066ED1F;
					};
				};
			};
			buildConfigurationList = C29BECE41C8B5E060066ED1F /* Build configuration list for PBXProject "NBCHackathon" */;
			compatibilityVersion = "Xcode 3.2";
			developmentRegion = English;
			hasScannedForEncodings = 0;
			knownRegions = (
				en,
				Base,
			);
			mainGroup = C29BECE01C8B5E060066ED1F;
			productRefGroup = C29BECEA1C8B5E060066ED1F /* Products */;
			projectDirPath = "";
			projectRoot = "";
			targets = (
				C29BECE81C8B5E060066ED1F /* NBCHackathon */,
				C29BECFC1C8B5E060066ED1F /* NBCHackathonTests */,
				C29BED071C8B5E060066ED1F /* NBCHackathonUITests */,
			);
		};
/* End PBXProject section */

/* Begin PBXResourcesBuildPhase section */
		C29BECE71C8B5E060066ED1F /* Resources */ = {
			isa = PBXResourcesBuildPhase;
			buildActionMask = 2147483647;
			files = (
				C2A33AF01C8C43290092E570 /* afp.iv in Resources */,
				C266FE361C8CA594008023C3 /* splash.png in Resources */,
				C29BECF71C8B5E060066ED1F /* LaunchScreen.storyboard in Resources */,
				C266FE3E1C8CADE3008023C3 /* ChigagoFire.png in Resources */,
				C29BECF41C8B5E060066ED1F /* Assets.xcassets in Resources */,
				C266FE3C1C8CAB0D008023C3 /* MrRobot.png in Resources */,
				C2637EF51C8C13D300A73EF3 /* Flat-it License.txt in Resources */,
				C2637EF41C8C13D300A73EF3 /* BEBAS___.ttf in Resources */,
				C29BECF21C8B5E060066ED1F /* Main.storyboard in Resources */,
				C266FE401C8CB216008023C3 /* twitter.png in Resources */,
				C266FE3A1C8CAB0D008023C3 /* TonightShowWithJimmyFallon.png in Resources */,
				C2A33AEF1C8C43290092E570 /* afp.df in Resources */,
			);
			runOnlyForDeploymentPostprocessing = 0;
		};
		C29BECFB1C8B5E060066ED1F /* Resources */ = {
			isa = PBXResourcesBuildPhase;
			buildActionMask = 2147483647;
			files = (
			);
			runOnlyForDeploymentPostprocessing = 0;
		};
		C29BED061C8B5E060066ED1F /* Resources */ = {
			isa = PBXResourcesBuildPhase;
			buildActionMask = 2147483647;
			files = (
			);
			runOnlyForDeploymentPostprocessing = 0;
		};
/* End PBXResourcesBuildPhase section */

/* Begin PBXShellScriptBuildPhase section */
		3B3E486A029E3AFEBE734B1A /* Embed Pods Frameworks */ = {
			isa = PBXShellScriptBuildPhase;
			buildActionMask = 2147483647;
			files = (
			);
			inputPaths = (
			);
			name = "Embed Pods Frameworks";
			outputPaths = (
			);
			runOnlyForDeploymentPostprocessing = 0;
			shellPath = /bin/sh;
			shellScript = "\"${SRCROOT}/Pods/Target Support Files/Pods-NBCHackathon/Pods-NBCHackathon-frameworks.sh\"\n";
			showEnvVarsInLog = 0;
		};
		46DAFBD4D8C2FAC5BAFE6C2C /* Copy Pods Resources */ = {
			isa = PBXShellScriptBuildPhase;
			buildActionMask = 2147483647;
			files = (
			);
			inputPaths = (
			);
			name = "Copy Pods Resources";
			outputPaths = (
			);
			runOnlyForDeploymentPostprocessing = 0;
			shellPath = /bin/sh;
			shellScript = "\"${SRCROOT}/Pods/Target Support Files/Pods-NBCHackathon/Pods-NBCHackathon-resources.sh\"\n";
			showEnvVarsInLog = 0;
		};
		8E67192931B12FFC8FF3FE55 /* Check Pods Manifest.lock */ = {
			isa = PBXShellScriptBuildPhase;
			buildActionMask = 2147483647;
			files = (
			);
			inputPaths = (
			);
			name = "Check Pods Manifest.lock";
			outputPaths = (
			);
			runOnlyForDeploymentPostprocessing = 0;
			shellPath = /bin/sh;
			shellScript = "diff \"${PODS_ROOT}/../Podfile.lock\" \"${PODS_ROOT}/Manifest.lock\" > /dev/null\nif [[ $? != 0 ]] ; then\n    cat << EOM\nerror: The sandbox is not in sync with the Podfile.lock. Run 'pod install' or update your CocoaPods installation.\nEOM\n    exit 1\nfi\n";
			showEnvVarsInLog = 0;
		};
/* End PBXShellScriptBuildPhase section */

/* Begin PBXSourcesBuildPhase section */
		C29BECE51C8B5E060066ED1F /* Sources */ = {
			isa = PBXSourcesBuildPhase;
			buildActionMask = 2147483647;
			files = (
				C2A33B171C8C9F3A0092E570 /* STSpotLoadView.swift in Sources */,
				C2A33AF51C8C43340092E570 /* ViewController.m in Sources */,
				C2A33AE91C8C20A70092E570 /* GalleryCell.swift in Sources */,
				C29BECEF1C8B5E060066ED1F /* MyViewController.swift in Sources */,
				C2F264301C8BAA26008E461B /* TVShowTableViewCell.swift in Sources */,
				C2A33B161C8C9F3A0092E570 /* STConfiguration.swift in Sources */,
				C2A33B051C8C47DD0092E570 /* ListenViewController.swift in Sources */,
				C29BECED1C8B5E060066ED1F /* AppDelegate.swift in Sources */,
				C2A33B191C8CA2970092E570 /* LoadingViewController.swift in Sources */,
				C221E8141C8BF52000873C1D /* DetailViewController.swift in Sources */,
				C2A33B151C8C9F3A0092E570 /* STAnimationProtocol.swift in Sources */,
			);
			runOnlyForDeploymentPostprocessing = 0;
		};
		C29BECF91C8B5E060066ED1F /* Sources */ = {
			isa = PBXSourcesBuildPhase;
			buildActionMask = 2147483647;
			files = (
				C29BED021C8B5E060066ED1F /* NBCHackathonTests.swift in Sources */,
			);
			runOnlyForDeploymentPostprocessing = 0;
		};
		C29BED041C8B5E060066ED1F /* Sources */ = {
			isa = PBXSourcesBuildPhase;
			buildActionMask = 2147483647;
			files = (
				C29BED0D1C8B5E060066ED1F /* NBCHackathonUITests.swift in Sources */,
			);
			runOnlyForDeploymentPostprocessing = 0;
		};
/* End PBXSourcesBuildPhase section */

/* Begin PBXTargetDependency section */
		C29BECFF1C8B5E060066ED1F /* PBXTargetDependency */ = {
			isa = PBXTargetDependency;
			target = C29BECE81C8B5E060066ED1F /* NBCHackathon */;
			targetProxy = C29BECFE1C8B5E060066ED1F /* PBXContainerItemProxy */;
		};
		C29BED0A1C8B5E060066ED1F /* PBXTargetDependency */ = {
			isa = PBXTargetDependency;
			target = C29BECE81C8B5E060066ED1F /* NBCHackathon */;
			targetProxy = C29BED091C8B5E060066ED1F /* PBXContainerItemProxy */;
		};
/* End PBXTargetDependency section */

/* Begin PBXVariantGroup section */
		C29BECF01C8B5E060066ED1F /* Main.storyboard */ = {
			isa = PBXVariantGroup;
			children = (
				C29BECF11C8B5E060066ED1F /* Base */,
			);
			name = Main.storyboard;
			sourceTree = "<group>";
		};
		C29BECF51C8B5E060066ED1F /* LaunchScreen.storyboard */ = {
			isa = PBXVariantGroup;
			children = (
				C29BECF61C8B5E060066ED1F /* Base */,
			);
			name = LaunchScreen.storyboard;
			sourceTree = "<group>";
		};
/* End PBXVariantGroup section */

/* Begin XCBuildConfiguration section */
		C29BED0F1C8B5E060066ED1F /* Debug */ = {
			isa = XCBuildConfiguration;
			buildSettings = {
				ALWAYS_SEARCH_USER_PATHS = NO;
				CLANG_CXX_LANGUAGE_STANDARD = "gnu++0x";
				CLANG_CXX_LIBRARY = "libc++";
				CLANG_ENABLE_MODULES = YES;
				CLANG_ENABLE_OBJC_ARC = YES;
				CLANG_WARN_BOOL_CONVERSION = YES;
				CLANG_WARN_CONSTANT_CONVERSION = YES;
				CLANG_WARN_DIRECT_OBJC_ISA_USAGE = YES_ERROR;
				CLANG_WARN_EMPTY_BODY = YES;
				CLANG_WARN_ENUM_CONVERSION = YES;
				CLANG_WARN_INT_CONVERSION = YES;
				CLANG_WARN_OBJC_ROOT_CLASS = YES_ERROR;
				CLANG_WARN_UNREACHABLE_CODE = YES;
				CLANG_WARN__DUPLICATE_METHOD_MATCH = YES;
				"CODE_SIGN_IDENTITY[sdk=iphoneos*]" = "iPhone Developer";
				COPY_PHASE_STRIP = NO;
				DEBUG_INFORMATION_FORMAT = dwarf;
				ENABLE_STRICT_OBJC_MSGSEND = YES;
				ENABLE_TESTABILITY = YES;
				GCC_C_LANGUAGE_STANDARD = gnu99;
				GCC_DYNAMIC_NO_PIC = NO;
				GCC_NO_COMMON_BLOCKS = YES;
				GCC_OPTIMIZATION_LEVEL = 0;
				GCC_PREPROCESSOR_DEFINITIONS = (
					"DEBUG=1",
					"$(inherited)",
				);
				GCC_WARN_64_TO_32_BIT_CONVERSION = YES;
				GCC_WARN_ABOUT_RETURN_TYPE = YES_ERROR;
				GCC_WARN_UNDECLARED_SELECTOR = YES;
				GCC_WARN_UNINITIALIZED_AUTOS = YES_AGGRESSIVE;
				GCC_WARN_UNUSED_FUNCTION = YES;
				GCC_WARN_UNUSED_VARIABLE = YES;
				IPHONEOS_DEPLOYMENT_TARGET = 9.2;
				MTL_ENABLE_DEBUG_INFO = YES;
				ONLY_ACTIVE_ARCH = YES;
				SDKROOT = iphoneos;
				SWIFT_OPTIMIZATION_LEVEL = "-Onone";
			};
			name = Debug;
		};
		C29BED101C8B5E060066ED1F /* Release */ = {
			isa = XCBuildConfiguration;
			buildSettings = {
				ALWAYS_SEARCH_USER_PATHS = NO;
				CLANG_CXX_LANGUAGE_STANDARD = "gnu++0x";
				CLANG_CXX_LIBRARY = "libc++";
				CLANG_ENABLE_MODULES = YES;
				CLANG_ENABLE_OBJC_ARC = YES;
				CLANG_WARN_BOOL_CONVERSION = YES;
				CLANG_WARN_CONSTANT_CONVERSION = YES;
				CLANG_WARN_DIRECT_OBJC_ISA_USAGE = YES_ERROR;
				CLANG_WARN_EMPTY_BODY = YES;
				CLANG_WARN_ENUM_CONVERSION = YES;
				CLANG_WARN_INT_CONVERSION = YES;
				CLANG_WARN_OBJC_ROOT_CLASS = YES_ERROR;
				CLANG_WARN_UNREACHABLE_CODE = YES;
				CLANG_WARN__DUPLICATE_METHOD_MATCH = YES;
				"CODE_SIGN_IDENTITY[sdk=iphoneos*]" = "iPhone Developer";
				COPY_PHASE_STRIP = NO;
				DEBUG_INFORMATION_FORMAT = "dwarf-with-dsym";
				ENABLE_NS_ASSERTIONS = NO;
				ENABLE_STRICT_OBJC_MSGSEND = YES;
				GCC_C_LANGUAGE_STANDARD = gnu99;
				GCC_NO_COMMON_BLOCKS = YES;
				GCC_WARN_64_TO_32_BIT_CONVERSION = YES;
				GCC_WARN_ABOUT_RETURN_TYPE = YES_ERROR;
				GCC_WARN_UNDECLARED_SELECTOR = YES;
				GCC_WARN_UNINITIALIZED_AUTOS = YES_AGGRESSIVE;
				GCC_WARN_UNUSED_FUNCTION = YES;
				GCC_WARN_UNUSED_VARIABLE = YES;
				IPHONEOS_DEPLOYMENT_TARGET = 9.2;
				MTL_ENABLE_DEBUG_INFO = NO;
				SDKROOT = iphoneos;
				VALIDATE_PRODUCT = YES;
			};
			name = Release;
		};
		C29BED121C8B5E060066ED1F /* Debug */ = {
			isa = XCBuildConfiguration;
			baseConfigurationReference = A813E972E3C41FAAC72C55D4 /* Pods-NBCHackathon.debug.xcconfig */;
			buildSettings = {
				ASSETCATALOG_COMPILER_APPICON_NAME = AppIcon;
				ENABLE_BITCODE = NO;
				FRAMEWORK_SEARCH_PATHS = (
					"$(inherited)",
					"$(PROJECT_DIR)",
				);
				INFOPLIST_FILE = NBCHackathon/Info.plist;
				IPHONEOS_DEPLOYMENT_TARGET = 9.0;
				LD_RUNPATH_SEARCH_PATHS = "$(inherited) @executable_path/Frameworks";
				LIBRARY_SEARCH_PATHS = (
					"$(inherited)",
					"$(PROJECT_DIR)/NBCHackathon",
					"$(PROJECT_DIR)/ACRCloudLibraies",
				);
				PRODUCT_BUNDLE_IDENTIFIER = farah.lucas.NBCHackathon;
				PRODUCT_NAME = "$(TARGET_NAME)";
				SWIFT_OBJC_BRIDGING_HEADER = "bridging-header.h";
				VALID_ARCHS = "armv7 arm64 armv7s";
			};
			name = Debug;
		};
		C29BED131C8B5E060066ED1F /* Release */ = {
			isa = XCBuildConfiguration;
			baseConfigurationReference = 45A25C157981F3AFF1574FA2 /* Pods-NBCHackathon.release.xcconfig */;
			buildSettings = {
				ASSETCATALOG_COMPILER_APPICON_NAME = AppIcon;
				ENABLE_BITCODE = NO;
				FRAMEWORK_SEARCH_PATHS = (
					"$(inherited)",
					"$(PROJECT_DIR)",
				);
				INFOPLIST_FILE = NBCHackathon/Info.plist;
				IPHONEOS_DEPLOYMENT_TARGET = 9.0;
				LD_RUNPATH_SEARCH_PATHS = "$(inherited) @executable_path/Frameworks";
				LIBRARY_SEARCH_PATHS = (
					"$(inherited)",
					"$(PROJECT_DIR)/NBCHackathon",
					"$(PROJECT_DIR)/ACRCloudLibraies",
				);
				PRODUCT_BUNDLE_IDENTIFIER = farah.lucas.NBCHackathon;
				PRODUCT_NAME = "$(TARGET_NAME)";
				SWIFT_OBJC_BRIDGING_HEADER = "bridging-header.h";
				VALID_ARCHS = "armv7 arm64 armv7s";
			};
			name = Release;
		};
		C29BED151C8B5E060066ED1F /* Debug */ = {
			isa = XCBuildConfiguration;
			buildSettings = {
				BUNDLE_LOADER = "$(TEST_HOST)";
				INFOPLIST_FILE = NBCHackathonTests/Info.plist;
				LD_RUNPATH_SEARCH_PATHS = "$(inherited) @executable_path/Frameworks @loader_path/Frameworks";
				PRODUCT_BUNDLE_IDENTIFIER = farah.lucas.NBCHackathonTests;
				PRODUCT_NAME = "$(TARGET_NAME)";
				TEST_HOST = "$(BUILT_PRODUCTS_DIR)/NBCHackathon.app/NBCHackathon";
			};
			name = Debug;
		};
		C29BED161C8B5E060066ED1F /* Release */ = {
			isa = XCBuildConfiguration;
			buildSettings = {
				BUNDLE_LOADER = "$(TEST_HOST)";
				INFOPLIST_FILE = NBCHackathonTests/Info.plist;
				LD_RUNPATH_SEARCH_PATHS = "$(inherited) @executable_path/Frameworks @loader_path/Frameworks";
				PRODUCT_BUNDLE_IDENTIFIER = farah.lucas.NBCHackathonTests;
				PRODUCT_NAME = "$(TARGET_NAME)";
				TEST_HOST = "$(BUILT_PRODUCTS_DIR)/NBCHackathon.app/NBCHackathon";
			};
			name = Release;
		};
		C29BED181C8B5E060066ED1F /* Debug */ = {
			isa = XCBuildConfiguration;
			buildSettings = {
				INFOPLIST_FILE = NBCHackathonUITests/Info.plist;
				LD_RUNPATH_SEARCH_PATHS = "$(inherited) @executable_path/Frameworks @loader_path/Frameworks";
				PRODUCT_BUNDLE_IDENTIFIER = farah.lucas.NBCHackathonUITests;
				PRODUCT_NAME = "$(TARGET_NAME)";
				TEST_TARGET_NAME = NBCHackathon;
				USES_XCTRUNNER = YES;
			};
			name = Debug;
		};
		C29BED191C8B5E060066ED1F /* Release */ = {
			isa = XCBuildConfiguration;
			buildSettings = {
				INFOPLIST_FILE = NBCHackathonUITests/Info.plist;
				LD_RUNPATH_SEARCH_PATHS = "$(inherited) @executable_path/Frameworks @loader_path/Frameworks";
				PRODUCT_BUNDLE_IDENTIFIER = farah.lucas.NBCHackathonUITests;
				PRODUCT_NAME = "$(TARGET_NAME)";
				TEST_TARGET_NAME = NBCHackathon;
				USES_XCTRUNNER = YES;
			};
			name = Release;
		};
/* End XCBuildConfiguration section */

/* Begin XCConfigurationList section */
		C29BECE41C8B5E060066ED1F /* Build configuration list for PBXProject "NBCHackathon" */ = {
			isa = XCConfigurationList;
			buildConfigurations = (
				C29BED0F1C8B5E060066ED1F /* Debug */,
				C29BED101C8B5E060066ED1F /* Release */,
			);
			defaultConfigurationIsVisible = 0;
			defaultConfigurationName = Release;
		};
		C29BED111C8B5E060066ED1F /* Build configuration list for PBXNativeTarget "NBCHackathon" */ = {
			isa = XCConfigurationList;
			buildConfigurations = (
				C29BED121C8B5E060066ED1F /* Debug */,
				C29BED131C8B5E060066ED1F /* Release */,
			);
			defaultConfigurationIsVisible = 0;
			defaultConfigurationName = Release;
		};
		C29BED141C8B5E060066ED1F /* Build configuration list for PBXNativeTarget "NBCHackathonTests" */ = {
			isa = XCConfigurationList;
			buildConfigurations = (
				C29BED151C8B5E060066ED1F /* Debug */,
				C29BED161C8B5E060066ED1F /* Release */,
			);
			defaultConfigurationIsVisible = 0;
			defaultConfigurationName = Release;
		};
		C29BED171C8B5E060066ED1F /* Build configuration list for PBXNativeTarget "NBCHackathonUITests" */ = {
			isa = XCConfigurationList;
			buildConfigurations = (
				C29BED181C8B5E060066ED1F /* Debug */,
				C29BED191C8B5E060066ED1F /* Release */,
			);
			defaultConfigurationIsVisible = 0;
			defaultConfigurationName = Release;
		};
/* End XCConfigurationList section */
	};
	rootObject = C29BECE11C8B5E060066ED1F /* Project object */;
}
